
Microsoft Visual Studio Solution File, Format Version 12.00
# Visual Studio Version 16
VisualStudioVersion = 16.0.31624.102
MinimumVisualStudioVersion = 10.0.40219.1
Project("{9A19103F-16F7-4668-BE54-9A1E7A4F7556}") = "Model", "Model\Model.csproj", "{23CCD9FA-0D10-4477-8ACE-098CFD934B08}"
EndProject
Project("{9A19103F-16F7-4668-BE54-9A1E7A4F7556}") = "Controller", "referenties\Controller.csproj", "{BE1D6D1F-C783-4E29-BAA4-239135DDCFD0}"
EndProject
Project("{9A19103F-16F7-4668-BE54-9A1E7A4F7556}") = "ControllerTest", "ControllerTest\ControllerTest.csproj", "{2BB32777-EB36-49DE-BBB3-0B0E44A1D406}"
EndProject
Project("{9A19103F-16F7-4668-BE54-9A1E7A4F7556}") = "GUI", "GUI\GUI.csproj", "{DC9AB831-8DBE-4B2E-A16D-CD7C209C2C7B}"
EndProject
Global
	GlobalSection(SolutionConfigurationPlatforms) = preSolution
		Debug|Any CPU = Debug|Any CPU
		Release|Any CPU = Release|Any CPU
	EndGlobalSection
	GlobalSection(ProjectConfigurationPlatforms) = postSolution
		{23CCD9FA-0D10-4477-8ACE-098CFD934B08}.Debug|Any CPU.ActiveCfg = Debug|Any CPU
		{23CCD9FA-0D10-4477-8ACE-098CFD934B08}.Debug|Any CPU.Build.0 = Debug|Any CPU
		{23CCD9FA-0D10-4477-8ACE-098CFD934B08}.Release|Any CPU.ActiveCfg = Release|Any CPU
		{23CCD9FA-0D10-4477-8ACE-098CFD934B08}.Release|Any CPU.Build.0 = Release|Any CPU
		{BE1D6D1F-C783-4E29-BAA4-239135DDCFD0}.Debug|Any CPU.ActiveCfg = Debug|Any CPU
		{BE1D6D1F-C783-4E29-BAA4-239135DDCFD0}.Debug|Any CPU.Build.0 = Debug|Any CPU
		{BE1D6D1F-C783-4E29-BAA4-239135DDCFD0}.Release|Any CPU.ActiveCfg = Release|Any CPU
		{BE1D6D1F-C783-4E29-BAA4-239135DDCFD0}.Release|Any CPU.Build.0 = Release|Any CPU
		{2BB32777-EB36-49DE-BBB3-0B0E44A1D406}.Debug|Any CPU.ActiveCfg = Debug|Any CPU
		{2BB32777-EB36-49DE-BBB3-0B0E44A1D406}.Debug|Any CPU.Build.0 = Debug|Any CPU
		{2BB32777-EB36-49DE-BBB3-0B0E44A1D406}.Release|Any CPU.ActiveCfg = Release|Any CPU
		{2BB32777-EB36-49DE-BBB3-0B0E44A1D406}.Release|Any CPU.Build.0 = Release|Any CPU
		{DC9AB831-8DBE-4B2E-A16D-CD7C209C2C7B}.Debug|Any CPU.ActiveCfg = Debug|Any CPU
		{DC9AB831-8DBE-4B2E-A16D-CD7C209C2C7B}.Debug|Any CPU.Build.0 = Debug|Any CPU
		{DC9AB831-8DBE-4B2E-A16D-CD7C209C2C7B}.Release|Any CPU.ActiveCfg = Release|Any CPU
		{DC9AB831-8DBE-4B2E-A16D-CD7C209C2C7B}.Release|Any CPU.Build.0 = Release|Any CPU
	EndGlobalSection
	GlobalSection(SolutionProperties) = preSolution
		HideSolutionNode = FALSE
	EndGlobalSection
	GlobalSection(ExtensibilityGlobals) = postSolution
		SolutionGuid = {CDD402FD-8D55-4283-BD36-FE447A478227}
	EndGlobalSection
EndGlobal
